// !$*UTF8*$!
{
	archiveVersion = 1;
	classes = {
	};
	objectVersion = 56;
	objects = {

/* Begin PBXBuildFile section */
		1F194EEA2CD7A7F1008B9283 /* PersonDetailsViewController.swift in Sources */ = {isa = PBXBuildFile; fileRef = 1F194EE92CD7A7F1008B9283 /* PersonDetailsViewController.swift */; };
		1F194EF52CD91470008B9283 /* TabBarViewController.swift in Sources */ = {isa = PBXBuildFile; fileRef = 1F194EF42CD91470008B9283 /* TabBarViewController.swift */; };
		1F194EF72CD9150E008B9283 /* SectionTableViewController.swift in Sources */ = {isa = PBXBuildFile; fileRef = 1F194EF62CD9150E008B9283 /* SectionTableViewController.swift */; };
		1F593ABE2CD3F57B00DA2753 /* AppDelegate.swift in Sources */ = {isa = PBXBuildFile; fileRef = 1F593ABD2CD3F57B00DA2753 /* AppDelegate.swift */; };
		1F593AC02CD3F57B00DA2753 /* SceneDelegate.swift in Sources */ = {isa = PBXBuildFile; fileRef = 1F593ABF2CD3F57B00DA2753 /* SceneDelegate.swift */; };
		1F593AC22CD3F57B00DA2753 /* PersonListViewController.swift in Sources */ = {isa = PBXBuildFile; fileRef = 1F593AC12CD3F57B00DA2753 /* PersonListViewController.swift */; };
		1F593AC52CD3F57B00DA2753 /* Main.storyboard in Resources */ = {isa = PBXBuildFile; fileRef = 1F593AC32CD3F57B00DA2753 /* Main.storyboard */; };
		1F593AC72CD3F57C00DA2753 /* Assets.xcassets in Resources */ = {isa = PBXBuildFile; fileRef = 1F593AC62CD3F57C00DA2753 /* Assets.xcassets */; };
		1F593ACA2CD3F57C00DA2753 /* LaunchScreen.storyboard in Resources */ = {isa = PBXBuildFile; fileRef = 1F593AC82CD3F57C00DA2753 /* LaunchScreen.storyboard */; };
		1F593AD22CD3FD2F00DA2753 /* Person.swift in Sources */ = {isa = PBXBuildFile; fileRef = 1F593AD12CD3FD2F00DA2753 /* Person.swift */; };
		1F593AD42CD3FF4B00DA2753 /* DataStore.swift in Sources */ = {isa = PBXBuildFile; fileRef = 1F593AD32CD3FF4B00DA2753 /* DataStore.swift */; };
/* End PBXBuildFile section */

/* Begin PBXFileReference section */
		1F194EE92CD7A7F1008B9283 /* PersonDetailsViewController.swift */ = {isa = PBXFileReference; lastKnownFileType = sourcecode.swift; path = PersonDetailsViewController.swift; sourceTree = "<group>"; };
		1F194EF42CD91470008B9283 /* TabBarViewController.swift */ = {isa = PBXFileReference; lastKnownFileType = sourcecode.swift; path = TabBarViewController.swift; sourceTree = "<group>"; };
		1F194EF62CD9150E008B9283 /* SectionTableViewController.swift */ = {isa = PBXFileReference; lastKnownFileType = sourcecode.swift; path = SectionTableViewController.swift; sourceTree = "<group>"; };
		1F593ABA2CD3F57B00DA2753 /* ContactList.app */ = {isa = PBXFileReference; explicitFileType = wrapper.application; includeInIndex = 0; path = ContactList.app; sourceTree = BUILT_PRODUCTS_DIR; };
		1F593ABD2CD3F57B00DA2753 /* AppDelegate.swift */ = {isa = PBXFileReference; lastKnownFileType = sourcecode.swift; path = AppDelegate.swift; sourceTree = "<group>"; };
		1F593ABF2CD3F57B00DA2753 /* SceneDelegate.swift */ = {isa = PBXFileReference; lastKnownFileType = sourcecode.swift; path = SceneDelegate.swift; sourceTree = "<group>"; };
		1F593AC12CD3F57B00DA2753 /* PersonListViewController.swift */ = {isa = PBXFileReference; lastKnownFileType = sourcecode.swift; path = PersonListViewController.swift; sourceTree = "<group>"; };
		1F593AC42CD3F57B00DA2753 /* Base */ = {isa = PBXFileReference; lastKnownFileType = file.storyboard; name = Base; path = Base.lproj/Main.storyboard; sourceTree = "<group>"; };
		1F593AC62CD3F57C00DA2753 /* Assets.xcassets */ = {isa = PBXFileReference; lastKnownFileType = folder.assetcatalog; path = Assets.xcassets; sourceTree = "<group>"; };
		1F593AC92CD3F57C00DA2753 /* Base */ = {isa = PBXFileReference; lastKnownFileType = file.storyboard; name = Base; path = Base.lproj/LaunchScreen.storyboard; sourceTree = "<group>"; };
		1F593ACB2CD3F57C00DA2753 /* Info.plist */ = {isa = PBXFileReference; lastKnownFileType = text.plist.xml; path = Info.plist; sourceTree = "<group>"; };
		1F593AD12CD3FD2F00DA2753 /* Person.swift */ = {isa = PBXFileReference; lastKnownFileType = sourcecode.swift; path = Person.swift; sourceTree = "<group>"; };
		1F593AD32CD3FF4B00DA2753 /* DataStore.swift */ = {isa = PBXFileReference; lastKnownFileType = sourcecode.swift; path = DataStore.swift; sourceTree = "<group>"; };
/* End PBXFileReference section */

/* Begin PBXFrameworksBuildPhase section */
		1F593AB72CD3F57A00DA2753 /* Frameworks */ = {
			isa = PBXFrameworksBuildPhase;
			buildActionMask = 2147483647;
			files = (
			);
			runOnlyForDeploymentPostprocessing = 0;
		};
/* End PBXFrameworksBuildPhase section */

/* Begin PBXGroup section */
		1F194EEB2CD7B272008B9283 /* ViewControllers */ = {
			isa = PBXGroup;
			children = (
				1F194EF42CD91470008B9283 /* TabBarViewController.swift */,
				1F593AC12CD3F57B00DA2753 /* PersonListViewController.swift */,
				1F194EE92CD7A7F1008B9283 /* PersonDetailsViewController.swift */,
				1F194EF62CD9150E008B9283 /* SectionTableViewController.swift */,
			);
			path = ViewControllers;
			sourceTree = "<group>";
		};
		1F194EEC2CD7B2C0008B9283 /* App */ = {
			isa = PBXGroup;
			children = (
				1F593ABF2CD3F57B00DA2753 /* SceneDelegate.swift */,
				1F593ABD2CD3F57B00DA2753 /* AppDelegate.swift */,
				1F593ACB2CD3F57C00DA2753 /* Info.plist */,
			);
			path = App;
			sourceTree = "<group>";
		};
		1F194EED2CD7B2E4008B9283 /* Models */ = {
			isa = PBXGroup;
			children = (
				1F593AD12CD3FD2F00DA2753 /* Person.swift */,
			);
			path = Models;
			sourceTree = "<group>";
		};
		1F194EEE2CD7B300008B9283 /* Storyboards */ = {
			isa = PBXGroup;
			children = (
				1F593AC32CD3F57B00DA2753 /* Main.storyboard */,
				1F593AC82CD3F57C00DA2753 /* LaunchScreen.storyboard */,
			);
			path = Storyboards;
			sourceTree = "<group>";
		};
		1F194EF32CD911DE008B9283 /* Services */ = {
			isa = PBXGroup;
			children = (
				1F593AD32CD3FF4B00DA2753 /* DataStore.swift */,
			);
			path = Services;
			sourceTree = "<group>";
		};
		1F593AB12CD3F57A00DA2753 = {
			isa = PBXGroup;
			children = (
				1F593ABC2CD3F57B00DA2753 /* ContactList */,
				1F593ABB2CD3F57B00DA2753 /* Products */,
			);
			sourceTree = "<group>";
		};
		1F593ABB2CD3F57B00DA2753 /* Products */ = {
			isa = PBXGroup;
			children = (
				1F593ABA2CD3F57B00DA2753 /* ContactList.app */,
			);
			name = Products;
			sourceTree = "<group>";
		};
		1F593ABC2CD3F57B00DA2753 /* ContactList */ = {
			isa = PBXGroup;
			children = (
				1F194EEB2CD7B272008B9283 /* ViewControllers */,
				1F194EED2CD7B2E4008B9283 /* Models */,
				1F194EF32CD911DE008B9283 /* Services */,
				1F194EEE2CD7B300008B9283 /* Storyboards */,
				1F194EEC2CD7B2C0008B9283 /* App */,
				1F593AC62CD3F57C00DA2753 /* Assets.xcassets */,
			);
			path = ContactList;
			sourceTree = "<group>";
		};
/* End PBXGroup section */

/* Begin PBXNativeTarget section */
		1F593AB92CD3F57A00DA2753 /* ContactList */ = {
			isa = PBXNativeTarget;
			buildConfigurationList = 1F593ACE2CD3F57C00DA2753 /* Build configuration list for PBXNativeTarget "ContactList" */;
			buildPhases = (
				1F593AB62CD3F57A00DA2753 /* Sources */,
				1F593AB72CD3F57A00DA2753 /* Frameworks */,
				1F593AB82CD3F57A00DA2753 /* Resources */,
			);
			buildRules = (
			);
			dependencies = (
			);
			name = ContactList;
			productName = ContactList;
			productReference = 1F593ABA2CD3F57B00DA2753 /* ContactList.app */;
			productType = "com.apple.product-type.application";
		};
/* End PBXNativeTarget section */

/* Begin PBXProject section */
		1F593AB22CD3F57A00DA2753 /* Project object */ = {
			isa = PBXProject;
			attributes = {
				BuildIndependentTargetsInParallel = 1;
				LastSwiftUpdateCheck = 1510;
				LastUpgradeCheck = 1510;
				TargetAttributes = {
					1F593AB92CD3F57A00DA2753 = {
						CreatedOnToolsVersion = 15.1;
					};
				};
			};
			buildConfigurationList = 1F593AB52CD3F57A00DA2753 /* Build configuration list for PBXProject "ContactList" */;
			compatibilityVersion = "Xcode 14.0";
			developmentRegion = en;
			hasScannedForEncodings = 0;
			knownRegions = (
				en,
				Base,
			);
			mainGroup = 1F593AB12CD3F57A00DA2753;
			productRefGroup = 1F593ABB2CD3F57B00DA2753 /* Products */;
			projectDirPath = "";
			projectRoot = "";
			targets = (
				1F593AB92CD3F57A00DA2753 /* ContactList */,
			);
		};
/* End PBXProject section */

/* Begin PBXResourcesBuildPhase section */
		1F593AB82CD3F57A00DA2753 /* Resources */ = {
			isa = PBXResourcesBuildPhase;
			buildActionMask = 2147483647;
			files = (
				1F593ACA2CD3F57C00DA2753 /* LaunchScreen.storyboard in Resources */,
				1F593AC72CD3F57C00DA2753 /* Assets.xcassets in Resources */,
				1F593AC52CD3F57B00DA2753 /* Main.storyboard in Resources */,
			);
			runOnlyForDeploymentPostprocessing = 0;
		};
/* End PBXResourcesBuildPhase section */

/* Begin PBXSourcesBuildPhase section */
		1F593AB62CD3F57A00DA2753 /* Sources */ = {
			isa = PBXSourcesBuildPhase;
			buildActionMask = 2147483647;
			files = (
				1F593AD42CD3FF4B00DA2753 /* DataStore.swift in Sources */,
				1F593AC22CD3F57B00DA2753 /* PersonListViewController.swift in Sources */,
				1F194EEA2CD7A7F1008B9283 /* PersonDetailsViewController.swift in Sources */,
				1F593ABE2CD3F57B00DA2753 /* AppDelegate.swift in Sources */,
				1F194EF52CD91470008B9283 /* TabBarViewController.swift in Sources */,
				1F593AD22CD3FD2F00DA2753 /* Person.swift in Sources */,
				1F194EF72CD9150E008B9283 /* SectionTableViewController.swift in Sources */,
				1F593AC02CD3F57B00DA2753 /* SceneDelegate.swift in Sources */,
			);
			runOnlyForDeploymentPostprocessing = 0;
		};
/* End PBXSourcesBuildPhase section */

/* Begin PBXVariantGroup section */
		1F593AC32CD3F57B00DA2753 /* Main.storyboard */ = {
			isa = PBXVariantGroup;
			children = (
				1F593AC42CD3F57B00DA2753 /* Base */,
			);
			name = Main.storyboard;
			sourceTree = "<group>";
		};
		1F593AC82CD3F57C00DA2753 /* LaunchScreen.storyboard */ = {
			isa = PBXVariantGroup;
			children = (
				1F593AC92CD3F57C00DA2753 /* Base */,
			);
			name = LaunchScreen.storyboard;
			sourceTree = "<group>";
		};
/* End PBXVariantGroup section */

/* Begin XCBuildConfiguration section */
		1F593ACC2CD3F57C00DA2753 /* Debug */ = {
			isa = XCBuildConfiguration;
			buildSettings = {
				ALWAYS_SEARCH_USER_PATHS = NO;
				ASSETCATALOG_COMPILER_GENERATE_SWIFT_ASSET_SYMBOL_EXTENSIONS = YES;
				CLANG_ANALYZER_NONNULL = YES;
				CLANG_ANALYZER_NUMBER_OBJECT_CONVERSION = YES_AGGRESSIVE;
				CLANG_CXX_LANGUAGE_STANDARD = "gnu++20";
				CLANG_ENABLE_MODULES = YES;
				CLANG_ENABLE_OBJC_ARC = YES;
				CLANG_ENABLE_OBJC_WEAK = YES;
				CLANG_WARN_BLOCK_CAPTURE_AUTORELEASING = YES;
				CLANG_WARN_BOOL_CONVERSION = YES;
				CLANG_WARN_COMMA = YES;
				CLANG_WARN_CONSTANT_CONVERSION = YES;
				CLANG_WARN_DEPRECATED_OBJC_IMPLEMENTATIONS = YES;
				CLANG_WARN_DIRECT_OBJC_ISA_USAGE = YES_ERROR;
				CLANG_WARN_DOCUMENTATION_COMMENTS = YES;
				CLANG_WARN_EMPTY_BODY = YES;
				CLANG_WARN_ENUM_CONVERSION = YES;
				CLANG_WARN_INFINITE_RECURSION = YES;
				CLANG_WARN_INT_CONVERSION = YES;
				CLANG_WARN_NON_LITERAL_NULL_CONVERSION = YES;
				CLANG_WARN_OBJC_IMPLICIT_RETAIN_SELF = YES;
				CLANG_WARN_OBJC_LITERAL_CONVERSION = YES;
				CLANG_WARN_OBJC_ROOT_CLASS = YES_ERROR;
				CLANG_WARN_QUOTED_INCLUDE_IN_FRAMEWORK_HEADER = YES;
				CLANG_WARN_RANGE_LOOP_ANALYSIS = YES;
				CLANG_WARN_STRICT_PROTOTYPES = YES;
				CLANG_WARN_SUSPICIOUS_MOVE = YES;
				CLANG_WARN_UNGUARDED_AVAILABILITY = YES_AGGRESSIVE;
				CLANG_WARN_UNREACHABLE_CODE = YES;
				CLANG_WARN__DUPLICATE_METHOD_MATCH = YES;
				COPY_PHASE_STRIP = NO;
				DEBUG_INFORMATION_FORMAT = dwarf;
				ENABLE_STRICT_OBJC_MSGSEND = YES;
				ENABLE_TESTABILITY = YES;
				ENABLE_USER_SCRIPT_SANDBOXING = YES;
				GCC_C_LANGUAGE_STANDARD = gnu17;
				GCC_DYNAMIC_NO_PIC = NO;
				GCC_NO_COMMON_BLOCKS = YES;
				GCC_OPTIMIZATION_LEVEL = 0;
				GCC_PREPROCESSOR_DEFINITIONS = (
					"DEBUG=1",
					"$(inherited)",
				);
				GCC_WARN_64_TO_32_BIT_CONVERSION = YES;
				GCC_WARN_ABOUT_RETURN_TYPE = YES_ERROR;
				GCC_WARN_UNDECLARED_SELECTOR = YES;
				GCC_WARN_UNINITIALIZED_AUTOS = YES_AGGRESSIVE;
				GCC_WARN_UNUSED_FUNCTION = YES;
				GCC_WARN_UNUSED_VARIABLE = YES;
				IPHONEOS_DEPLOYMENT_TARGET = 17.2;
				LOCALIZATION_PREFERS_STRING_CATALOGS = YES;
				MTL_ENABLE_DEBUG_INFO = INCLUDE_SOURCE;
				MTL_FAST_MATH = YES;
				ONLY_ACTIVE_ARCH = YES;
				SDKROOT = iphoneos;
				SWIFT_ACTIVE_COMPILATION_CONDITIONS = "DEBUG $(inherited)";
				SWIFT_OPTIMIZATION_LEVEL = "-Onone";
			};
			name = Debug;
		};
		1F593ACD2CD3F57C00DA2753 /* Release */ = {
			isa = XCBuildConfiguration;
			buildSettings = {
				ALWAYS_SEARCH_USER_PATHS = NO;
				ASSETCATALOG_COMPILER_GENERATE_SWIFT_ASSET_SYMBOL_EXTENSIONS = YES;
				CLANG_ANALYZER_NONNULL = YES;
				CLANG_ANALYZER_NUMBER_OBJECT_CONVERSION = YES_AGGRESSIVE;
				CLANG_CXX_LANGUAGE_STANDARD = "gnu++20";
				CLANG_ENABLE_MODULES = YES;
				CLANG_ENABLE_OBJC_ARC = YES;
				CLANG_ENABLE_OBJC_WEAK = YES;
				CLANG_WARN_BLOCK_CAPTURE_AUTORELEASING = YES;
				CLANG_WARN_BOOL_CONVERSION = YES;
				CLANG_WARN_COMMA = YES;
				CLANG_WARN_CONSTANT_CONVERSION = YES;
				CLANG_WARN_DEPRECATED_OBJC_IMPLEMENTATIONS = YES;
				CLANG_WARN_DIRECT_OBJC_ISA_USAGE = YES_ERROR;
				CLANG_WARN_DOCUMENTATION_COMMENTS = YES;
				CLANG_WARN_EMPTY_BODY = YES;
				CLANG_WARN_ENUM_CONVERSION = YES;
				CLANG_WARN_INFINITE_RECURSION = YES;
				CLANG_WARN_INT_CONVERSION = YES;
				CLANG_WARN_NON_LITERAL_NULL_CONVERSION = YES;
				CLANG_WARN_OBJC_IMPLICIT_RETAIN_SELF = YES;
				CLANG_WARN_OBJC_LITERAL_CONVERSION = YES;
				CLANG_WARN_OBJC_ROOT_CLASS = YES_ERROR;
				CLANG_WARN_QUOTED_INCLUDE_IN_FRAMEWORK_HEADER = YES;
				CLANG_WARN_RANGE_LOOP_ANALYSIS = YES;
				CLANG_WARN_STRICT_PROTOTYPES = YES;
				CLANG_WARN_SUSPICIOUS_MOVE = YES;
				CLANG_WARN_UNGUARDED_AVAILABILITY = YES_AGGRESSIVE;
				CLANG_WARN_UNREACHABLE_CODE = YES;
				CLANG_WARN__DUPLICATE_METHOD_MATCH = YES;
				COPY_PHASE_STRIP = NO;
				DEBUG_INFORMATION_FORMAT = "dwarf-with-dsym";
				ENABLE_NS_ASSERTIONS = NO;
				ENABLE_STRICT_OBJC_MSGSEND = YES;
				ENABLE_USER_SCRIPT_SANDBOXING = YES;
				GCC_C_LANGUAGE_STANDARD = gnu17;
				GCC_NO_COMMON_BLOCKS = YES;
				GCC_WARN_64_TO_32_BIT_CONVERSION = YES;
				GCC_WARN_ABOUT_RETURN_TYPE = YES_ERROR;
				GCC_WARN_UNDECLARED_SELECTOR = YES;
				GCC_WARN_UNINITIALIZED_AUTOS = YES_AGGRESSIVE;
				GCC_WARN_UNUSED_FUNCTION = YES;
				GCC_WARN_UNUSED_VARIABLE = YES;
				IPHONEOS_DEPLOYMENT_TARGET = 17.2;
				LOCALIZATION_PREFERS_STRING_CATALOGS = YES;
				MTL_ENABLE_DEBUG_INFO = NO;
				MTL_FAST_MATH = YES;
				SDKROOT = iphoneos;
				SWIFT_COMPILATION_MODE = wholemodule;
				VALIDATE_PRODUCT = YES;
			};
			name = Release;
		};
		1F593ACF2CD3F57C00DA2753 /* Debug */ = {
			isa = XCBuildConfiguration;
			buildSettings = {
				ASSETCATALOG_COMPILER_APPICON_NAME = AppIcon;
				ASSETCATALOG_COMPILER_GLOBAL_ACCENT_COLOR_NAME = AccentColor;
				CODE_SIGN_STYLE = Automatic;
				CURRENT_PROJECT_VERSION = 1;
				GENERATE_INFOPLIST_FILE = YES;
				INFOPLIST_FILE = ContactList/App/Info.plist;
				INFOPLIST_KEY_UIApplicationSupportsIndirectInputEvents = YES;
				INFOPLIST_KEY_UILaunchStoryboardName = LaunchScreen;
				INFOPLIST_KEY_UIMainStoryboardFile = Main;
				INFOPLIST_KEY_UISupportedInterfaceOrientations = UIInterfaceOrientationPortrait;
				INFOPLIST_KEY_UISupportedInterfaceOrientations_iPad = "UIInterfaceOrientationLandscapeLeft UIInterfaceOrientationLandscapeRight UIInterfaceOrientationPortrait UIInterfaceOrientationPortraitUpsideDown";
				IPHONEOS_DEPLOYMENT_TARGET = 17.0;
				LD_RUNPATH_SEARCH_PATHS = (
					"$(inherited)",
					"@executable_path/Frameworks",
				);
				MARKETING_VERSION = 1.0;
				PRODUCT_BUNDLE_IDENTIFIER = malygin.ContactList;
				PRODUCT_NAME = "$(TARGET_NAME)";
				SUPPORTED_PLATFORMS = "iphoneos iphonesimulator";
				SUPPORTS_MACCATALYST = NO;
				SUPPORTS_MAC_DESIGNED_FOR_IPHONE_IPAD = NO;
				SWIFT_EMIT_LOC_STRINGS = YES;
				SWIFT_VERSION = 5.0;
				TARGETED_DEVICE_FAMILY = 1;
			};
			name = Debug;
		};
		1F593AD02CD3F57C00DA2753 /* Release */ = {
			isa = XCBuildConfiguration;
			buildSettings = {
				ASSETCATALOG_COMPILER_APPICON_NAME = AppIcon;
				ASSETCATALOG_COMPILER_GLOBAL_ACCENT_COLOR_NAME = AccentColor;
				CODE_SIGN_STYLE = Automatic;
				CURRENT_PROJECT_VERSION = 1;
				GENERATE_INFOPLIST_FILE = YES;
				INFOPLIST_FILE = ContactList/App/Info.plist;
				INFOPLIST_KEY_UIApplicationSupportsIndirectInputEvents = YES;
				INFOPLIST_KEY_UILaunchStoryboardName = LaunchScreen;
				INFOPLIST_KEY_UIMainStoryboardFile = Main;
				INFOPLIST_KEY_UISupportedInterfaceOrientations = UIInterfaceOrientationPortrait;
				INFOPLIST_KEY_UISupportedInterfaceOrientations_iPad = "UIInterfaceOrientationLandscapeLeft UIInterfaceOrientationLandscapeRight UIInterfaceOrientationPortrait UIInterfaceOrientationPortraitUpsideDown";
				IPHONEOS_DEPLOYMENT_TARGET = 17.0;
				LD_RUNPATH_SEARCH_PATHS = (
					"$(inherited)",
					"@executable_path/Frameworks",
				);
				MARKETING_VERSION = 1.0;
				PRODUCT_BUNDLE_IDENTIFIER = malygin.ContactList;
				PRODUCT_NAME = "$(TARGET_NAME)";
				SUPPORTED_PLATFORMS = "iphoneos iphonesimulator";
				SUPPORTS_MACCATALYST = NO;
				SUPPORTS_MAC_DESIGNED_FOR_IPHONE_IPAD = NO;
				SWIFT_EMIT_LOC_STRINGS = YES;
				SWIFT_VERSION = 5.0;
				TARGETED_DEVICE_FAMILY = 1;
			};
			name = Release;
		};
/* End XCBuildConfiguration section */

/* Begin XCConfigurationList section */
		1F593AB52CD3F57A00DA2753 /* Build configuration list for PBXProject "ContactList" */ = {
			isa = XCConfigurationList;
			buildConfigurations = (
				1F593ACC2CD3F57C00DA2753 /* Debug */,
				1F593ACD2CD3F57C00DA2753 /* Release */,
			);
			defaultConfigurationIsVisible = 0;
			defaultConfigurationName = Release;
		};
		1F593ACE2CD3F57C00DA2753 /* Build configuration list for PBXNativeTarget "ContactList" */ = {
			isa = XCConfigurationList;
			buildConfigurations = (
				1F593ACF2CD3F57C00DA2753 /* Debug */,
				1F593AD02CD3F57C00DA2753 /* Release */,
			);
			defaultConfigurationIsVisible = 0;
			defaultConfigurationName = Release;
		};
/* End XCConfigurationList section */
	};
	rootObject = 1F593AB22CD3F57A00DA2753 /* Project object */;
}
